<Solution>
    <Project Path="AdventureGame.csproj" />
    <Folder Name="/Engine/">
        <Project Path="../../engine/Quark.Assets/Quark.Assets.csproj" />
        <Project Path="../../engine/Quark.Ecs/Quark.Ecs.csproj" />
        <Project Path="../../engine/Quark.Graphics/Quark.Graphics.csproj" />
        <Project Path="../../engine/Quark.Kit.Capture/Quark.Kit.Capture.csproj" />
        <Project Path="../../engine/Quark.Kit.ImGui/Quark.Kit.ImGui.csproj" />
        <Project Path="../../engine/Quark.Kit.Physics/Quark.Kit.Physics.csproj" />
        <Project Path="../../engine/Quark.Kit.Profiling/Quark.Kit.Profiling.csproj" />
        <Project Path="../../engine/Quark.Kit.Ui/Quark.Kit.Ui.csproj" />
        <Project Path="../../engine/Quark.Kit/Quark.Kit.csproj" />
        <Project Path="../../engine/Quark.Numerics/Quark.Numerics.csproj" />
        <Project Path="../../engine/Quark.Physics/Quark.Physics.csproj" />
        <Project Path="../../engine/Quark.Platform/Quark.Platform.csproj" />
        <Project Path="../../engine/Quark.Scenes/Quark.Scenes.csproj" />
    </Folder>
</Solution>